// !$*UTF8*$!
{
	archiveVersion = 1;
	classes = {
	};
	objectVersion = 46;
	objects = {

/* Begin PBXBuildFile section */
		6319D2021387881500B50CC7 /* icon.icns in Resources */ = {isa = PBXBuildFile; fileRef = 6319D2011387881500B50CC7 /* icon.icns */; };
		6319D2051387883A00B50CC7 /* UploaderController.m in Sources */ = {isa = PBXBuildFile; fileRef = 6319D2041387883A00B50CC7 /* UploaderController.m */; };
		637A14B2137E5373004A08EB /* Cocoa.framework in Frameworks */ = {isa = PBXBuildFile; fileRef = 637A14B1137E5373004A08EB /* Cocoa.framework */; };
		637A14BC137E5373004A08EB /* InfoPlist.strings in Resources */ = {isa = PBXBuildFile; fileRef = 637A14BA137E5373004A08EB /* InfoPlist.strings */; };
		637A14BF137E5373004A08EB /* main.m in Sources */ = {isa = PBXBuildFile; fileRef = 637A14BE137E5373004A08EB /* main.m */; };
		637A14C2137E5373004A08EB /* Credits.rtf in Resources */ = {isa = PBXBuildFile; fileRef = 637A14C0137E5373004A08EB /* Credits.rtf */; };
		637A14C5137E5373004A08EB /* TestFlightUploaderAppDelegate.m in Sources */ = {isa = PBXBuildFile; fileRef = 637A14C4137E5373004A08EB /* TestFlightUploaderAppDelegate.m */; };
		637A14C8137E5373004A08EB /* MainMenu.xib in Resources */ = {isa = PBXBuildFile; fileRef = 637A14C6137E5373004A08EB /* MainMenu.xib */; };
		EF7AB82B14DD18DE0076AF75 /* AFHTTPClient.m in Sources */ = {isa = PBXBuildFile; fileRef = EF7AB81714DD18DE0076AF75 /* AFHTTPClient.m */; settings = {COMPILER_FLAGS = "-fno-objc-arc"; }; };
		EF7AB82C14DD18DE0076AF75 /* AFHTTPRequestOperation.m in Sources */ = {isa = PBXBuildFile; fileRef = EF7AB81914DD18DE0076AF75 /* AFHTTPRequestOperation.m */; settings = {COMPILER_FLAGS = "-fno-objc-arc"; }; };
		EF7AB82D14DD18DE0076AF75 /* AFImageRequestOperation.m in Sources */ = {isa = PBXBuildFile; fileRef = EF7AB81B14DD18DE0076AF75 /* AFImageRequestOperation.m */; settings = {COMPILER_FLAGS = "-fno-objc-arc"; }; };
		EF7AB82E14DD18DE0076AF75 /* AFJSONRequestOperation.m in Sources */ = {isa = PBXBuildFile; fileRef = EF7AB81D14DD18DE0076AF75 /* AFJSONRequestOperation.m */; settings = {COMPILER_FLAGS = "-fno-objc-arc"; }; };
		EF7AB82F14DD18DE0076AF75 /* AFJSONUtilities.m in Sources */ = {isa = PBXBuildFile; fileRef = EF7AB81F14DD18DE0076AF75 /* AFJSONUtilities.m */; settings = {COMPILER_FLAGS = "-fno-objc-arc"; }; };
		EF7AB83014DD18DE0076AF75 /* AFNetworkActivityIndicatorManager.m in Sources */ = {isa = PBXBuildFile; fileRef = EF7AB82114DD18DE0076AF75 /* AFNetworkActivityIndicatorManager.m */; settings = {COMPILER_FLAGS = "-fno-objc-arc"; }; };
		EF7AB83114DD18DE0076AF75 /* AFPropertyListRequestOperation.m in Sources */ = {isa = PBXBuildFile; fileRef = EF7AB82414DD18DE0076AF75 /* AFPropertyListRequestOperation.m */; settings = {COMPILER_FLAGS = "-fno-objc-arc"; }; };
		EF7AB83214DD18DE0076AF75 /* AFURLConnectionOperation.m in Sources */ = {isa = PBXBuildFile; fileRef = EF7AB82614DD18DE0076AF75 /* AFURLConnectionOperation.m */; settings = {COMPILER_FLAGS = "-fno-objc-arc"; }; };
		EF7AB83314DD18DE0076AF75 /* AFXMLRequestOperation.m in Sources */ = {isa = PBXBuildFile; fileRef = EF7AB82814DD18DE0076AF75 /* AFXMLRequestOperation.m */; settings = {COMPILER_FLAGS = "-fno-objc-arc"; }; };
		EF7AB83414DD18DE0076AF75 /* UIImageView+AFNetworking.m in Sources */ = {isa = PBXBuildFile; fileRef = EF7AB82A14DD18DE0076AF75 /* UIImageView+AFNetworking.m */; settings = {COMPILER_FLAGS = "-fno-objc-arc"; }; };
/* End PBXBuildFile section */

/* Begin PBXFileReference section */
		6319D2011387881500B50CC7 /* icon.icns */ = {isa = PBXFileReference; lastKnownFileType = image.icns; name = icon.icns; path = TestFlightUploader/icon.icns; sourceTree = "<group>"; };
		6319D2031387883A00B50CC7 /* UploaderController.h */ = {isa = PBXFileReference; fileEncoding = 4; lastKnownFileType = sourcecode.c.h; path = UploaderController.h; sourceTree = "<group>"; };
		6319D2041387883A00B50CC7 /* UploaderController.m */ = {isa = PBXFileReference; fileEncoding = 4; lastKnownFileType = sourcecode.c.objc; path = UploaderController.m; sourceTree = "<group>"; };
		637A14AD137E5373004A08EB /* TestFlightUploader.app */ = {isa = PBXFileReference; explicitFileType = wrapper.application; includeInIndex = 0; path = TestFlightUploader.app; sourceTree = BUILT_PRODUCTS_DIR; };
		637A14B1137E5373004A08EB /* Cocoa.framework */ = {isa = PBXFileReference; lastKnownFileType = wrapper.framework; name = Cocoa.framework; path = System/Library/Frameworks/Cocoa.framework; sourceTree = SDKROOT; };
		637A14B4137E5373004A08EB /* AppKit.framework */ = {isa = PBXFileReference; lastKnownFileType = wrapper.framework; name = AppKit.framework; path = System/Library/Frameworks/AppKit.framework; sourceTree = SDKROOT; };
		637A14B5137E5373004A08EB /* CoreData.framework */ = {isa = PBXFileReference; lastKnownFileType = wrapper.framework; name = CoreData.framework; path = System/Library/Frameworks/CoreData.framework; sourceTree = SDKROOT; };
		637A14B6137E5373004A08EB /* Foundation.framework */ = {isa = PBXFileReference; lastKnownFileType = wrapper.framework; name = Foundation.framework; path = System/Library/Frameworks/Foundation.framework; sourceTree = SDKROOT; };
		637A14B9137E5373004A08EB /* TestFlightUploader-Info.plist */ = {isa = PBXFileReference; lastKnownFileType = text.plist.xml; path = "TestFlightUploader-Info.plist"; sourceTree = "<group>"; };
		637A14BB137E5373004A08EB /* en */ = {isa = PBXFileReference; lastKnownFileType = text.plist.strings; name = en; path = en.lproj/InfoPlist.strings; sourceTree = "<group>"; };
		637A14BD137E5373004A08EB /* TestFlightUploader-Prefix.pch */ = {isa = PBXFileReference; lastKnownFileType = sourcecode.c.h; path = "TestFlightUploader-Prefix.pch"; sourceTree = "<group>"; };
		637A14BE137E5373004A08EB /* main.m */ = {isa = PBXFileReference; lastKnownFileType = sourcecode.c.objc; path = main.m; sourceTree = "<group>"; };
		637A14C1137E5373004A08EB /* en */ = {isa = PBXFileReference; lastKnownFileType = text.rtf; name = en; path = en.lproj/Credits.rtf; sourceTree = "<group>"; };
		637A14C3137E5373004A08EB /* TestFlightUploaderAppDelegate.h */ = {isa = PBXFileReference; lastKnownFileType = sourcecode.c.h; path = TestFlightUploaderAppDelegate.h; sourceTree = "<group>"; };
		637A14C4137E5373004A08EB /* TestFlightUploaderAppDelegate.m */ = {isa = PBXFileReference; lastKnownFileType = sourcecode.c.objc; path = TestFlightUploaderAppDelegate.m; sourceTree = "<group>"; };
		637A14C7137E5373004A08EB /* en */ = {isa = PBXFileReference; lastKnownFileType = file.xib; name = en; path = en.lproj/MainMenu.xib; sourceTree = "<group>"; };
		EF7AB81614DD18DE0076AF75 /* AFHTTPClient.h */ = {isa = PBXFileReference; fileEncoding = 4; lastKnownFileType = sourcecode.c.h; path = AFHTTPClient.h; sourceTree = "<group>"; };
		EF7AB81714DD18DE0076AF75 /* AFHTTPClient.m */ = {isa = PBXFileReference; fileEncoding = 4; lastKnownFileType = sourcecode.c.objc; path = AFHTTPClient.m; sourceTree = "<group>"; };
		EF7AB81814DD18DE0076AF75 /* AFHTTPRequestOperation.h */ = {isa = PBXFileReference; fileEncoding = 4; lastKnownFileType = sourcecode.c.h; path = AFHTTPRequestOperation.h; sourceTree = "<group>"; };
		EF7AB81914DD18DE0076AF75 /* AFHTTPRequestOperation.m */ = {isa = PBXFileReference; fileEncoding = 4; lastKnownFileType = sourcecode.c.objc; path = AFHTTPRequestOperation.m; sourceTree = "<group>"; };
		EF7AB81A14DD18DE0076AF75 /* AFImageRequestOperation.h */ = {isa = PBXFileReference; fileEncoding = 4; lastKnownFileType = sourcecode.c.h; path = AFImageRequestOperation.h; sourceTree = "<group>"; };
		EF7AB81B14DD18DE0076AF75 /* AFImageRequestOperation.m */ = {isa = PBXFileReference; fileEncoding = 4; lastKnownFileType = sourcecode.c.objc; path = AFImageRequestOperation.m; sourceTree = "<group>"; };
		EF7AB81C14DD18DE0076AF75 /* AFJSONRequestOperation.h */ = {isa = PBXFileReference; fileEncoding = 4; lastKnownFileType = sourcecode.c.h; path = AFJSONRequestOperation.h; sourceTree = "<group>"; };
		EF7AB81D14DD18DE0076AF75 /* AFJSONRequestOperation.m */ = {isa = PBXFileReference; fileEncoding = 4; lastKnownFileType = sourcecode.c.objc; path = AFJSONRequestOperation.m; sourceTree = "<group>"; };
		EF7AB81E14DD18DE0076AF75 /* AFJSONUtilities.h */ = {isa = PBXFileReference; fileEncoding = 4; lastKnownFileType = sourcecode.c.h; path = AFJSONUtilities.h; sourceTree = "<group>"; };
		EF7AB81F14DD18DE0076AF75 /* AFJSONUtilities.m */ = {isa = PBXFileReference; fileEncoding = 4; lastKnownFileType = sourcecode.c.objc; path = AFJSONUtilities.m; sourceTree = "<group>"; };
		EF7AB82014DD18DE0076AF75 /* AFNetworkActivityIndicatorManager.h */ = {isa = PBXFileReference; fileEncoding = 4; lastKnownFileType = sourcecode.c.h; path = AFNetworkActivityIndicatorManager.h; sourceTree = "<group>"; };
		EF7AB82114DD18DE0076AF75 /* AFNetworkActivityIndicatorManager.m */ = {isa = PBXFileReference; fileEncoding = 4; lastKnownFileType = sourcecode.c.objc; path = AFNetworkActivityIndicatorManager.m; sourceTree = "<group>"; };
		EF7AB82214DD18DE0076AF75 /* AFNetworking.h */ = {isa = PBXFileReference; fileEncoding = 4; lastKnownFileType = sourcecode.c.h; path = AFNetworking.h; sourceTree = "<group>"; };
		EF7AB82314DD18DE0076AF75 /* AFPropertyListRequestOperation.h */ = {isa = PBXFileReference; fileEncoding = 4; lastKnownFileType = sourcecode.c.h; path = AFPropertyListRequestOperation.h; sourceTree = "<group>"; };
		EF7AB82414DD18DE0076AF75 /* AFPropertyListRequestOperation.m */ = {isa = PBXFileReference; fileEncoding = 4; lastKnownFileType = sourcecode.c.objc; path = AFPropertyListRequestOperation.m; sourceTree = "<group>"; };
		EF7AB82514DD18DE0076AF75 /* AFURLConnectionOperation.h */ = {isa = PBXFileReference; fileEncoding = 4; lastKnownFileType = sourcecode.c.h; path = AFURLConnectionOperation.h; sourceTree = "<group>"; };
		EF7AB82614DD18DE0076AF75 /* AFURLConnectionOperation.m */ = {isa = PBXFileReference; fileEncoding = 4; lastKnownFileType = sourcecode.c.objc; path = AFURLConnectionOperation.m; sourceTree = "<group>"; };
		EF7AB82714DD18DE0076AF75 /* AFXMLRequestOperation.h */ = {isa = PBXFileReference; fileEncoding = 4; lastKnownFileType = sourcecode.c.h; path = AFXMLRequestOperation.h; sourceTree = "<group>"; };
		EF7AB82814DD18DE0076AF75 /* AFXMLRequestOperation.m */ = {isa = PBXFileReference; fileEncoding = 4; lastKnownFileType = sourcecode.c.objc; path = AFXMLRequestOperation.m; sourceTree = "<group>"; };
		EF7AB82914DD18DE0076AF75 /* UIImageView+AFNetworking.h */ = {isa = PBXFileReference; fileEncoding = 4; lastKnownFileType = sourcecode.c.h; path = "UIImageView+AFNetworking.h"; sourceTree = "<group>"; };
		EF7AB82A14DD18DE0076AF75 /* UIImageView+AFNetworking.m */ = {isa = PBXFileReference; fileEncoding = 4; lastKnownFileType = sourcecode.c.objc; path = "UIImageView+AFNetworking.m"; sourceTree = "<group>"; };
/* End PBXFileReference section */

/* Begin PBXFrameworksBuildPhase section */
		637A14AA137E5373004A08EB /* Frameworks */ = {
			isa = PBXFrameworksBuildPhase;
			buildActionMask = 2147483647;
			files = (
				637A14B2137E5373004A08EB /* Cocoa.framework in Frameworks */,
			);
			runOnlyForDeploymentPostprocessing = 0;
		};
/* End PBXFrameworksBuildPhase section */

/* Begin PBXGroup section */
		637A14A2137E5373004A08EB = {
			isa = PBXGroup;
			children = (
				EF7AB81514DD18DE0076AF75 /* AFNetworking */,
				6319D2011387881500B50CC7 /* icon.icns */,
				637A14B7137E5373004A08EB /* TestFlightUploader */,
				637A14B0137E5373004A08EB /* Frameworks */,
				637A14AE137E5373004A08EB /* Products */,
			);
			sourceTree = "<group>";
		};
		637A14AE137E5373004A08EB /* Products */ = {
			isa = PBXGroup;
			children = (
				637A14AD137E5373004A08EB /* TestFlightUploader.app */,
			);
			name = Products;
			sourceTree = "<group>";
		};
		637A14B0137E5373004A08EB /* Frameworks */ = {
			isa = PBXGroup;
			children = (
				637A14B1137E5373004A08EB /* Cocoa.framework */,
				637A14B3137E5373004A08EB /* Other Frameworks */,
			);
			name = Frameworks;
			sourceTree = "<group>";
		};
		637A14B3137E5373004A08EB /* Other Frameworks */ = {
			isa = PBXGroup;
			children = (
				637A14B4137E5373004A08EB /* AppKit.framework */,
				637A14B5137E5373004A08EB /* CoreData.framework */,
				637A14B6137E5373004A08EB /* Foundation.framework */,
			);
			name = "Other Frameworks";
			sourceTree = "<group>";
		};
		637A14B7137E5373004A08EB /* TestFlightUploader */ = {
			isa = PBXGroup;
			children = (
				637A14C3137E5373004A08EB /* TestFlightUploaderAppDelegate.h */,
				637A14C4137E5373004A08EB /* TestFlightUploaderAppDelegate.m */,
				6319D2031387883A00B50CC7 /* UploaderController.h */,
				6319D2041387883A00B50CC7 /* UploaderController.m */,
				637A14C6137E5373004A08EB /* MainMenu.xib */,
				637A14B8137E5373004A08EB /* Supporting Files */,
			);
			path = TestFlightUploader;
			sourceTree = "<group>";
		};
		637A14B8137E5373004A08EB /* Supporting Files */ = {
			isa = PBXGroup;
			children = (
				637A14B9137E5373004A08EB /* TestFlightUploader-Info.plist */,
				637A14BA137E5373004A08EB /* InfoPlist.strings */,
				637A14BD137E5373004A08EB /* TestFlightUploader-Prefix.pch */,
				637A14BE137E5373004A08EB /* main.m */,
				637A14C0137E5373004A08EB /* Credits.rtf */,
			);
			name = "Supporting Files";
			sourceTree = "<group>";
		};
		EF7AB81514DD18DE0076AF75 /* AFNetworking */ = {
			isa = PBXGroup;
			children = (
				EF7AB81614DD18DE0076AF75 /* AFHTTPClient.h */,
				EF7AB81714DD18DE0076AF75 /* AFHTTPClient.m */,
				EF7AB81814DD18DE0076AF75 /* AFHTTPRequestOperation.h */,
				EF7AB81914DD18DE0076AF75 /* AFHTTPRequestOperation.m */,
				EF7AB81A14DD18DE0076AF75 /* AFImageRequestOperation.h */,
				EF7AB81B14DD18DE0076AF75 /* AFImageRequestOperation.m */,
				EF7AB81C14DD18DE0076AF75 /* AFJSONRequestOperation.h */,
				EF7AB81D14DD18DE0076AF75 /* AFJSONRequestOperation.m */,
				EF7AB81E14DD18DE0076AF75 /* AFJSONUtilities.h */,
				EF7AB81F14DD18DE0076AF75 /* AFJSONUtilities.m */,
				EF7AB82014DD18DE0076AF75 /* AFNetworkActivityIndicatorManager.h */,
				EF7AB82114DD18DE0076AF75 /* AFNetworkActivityIndicatorManager.m */,
				EF7AB82214DD18DE0076AF75 /* AFNetworking.h */,
				EF7AB82314DD18DE0076AF75 /* AFPropertyListRequestOperation.h */,
				EF7AB82414DD18DE0076AF75 /* AFPropertyListRequestOperation.m */,
				EF7AB82514DD18DE0076AF75 /* AFURLConnectionOperation.h */,
				EF7AB82614DD18DE0076AF75 /* AFURLConnectionOperation.m */,
				EF7AB82714DD18DE0076AF75 /* AFXMLRequestOperation.h */,
				EF7AB82814DD18DE0076AF75 /* AFXMLRequestOperation.m */,
				EF7AB82914DD18DE0076AF75 /* UIImageView+AFNetworking.h */,
				EF7AB82A14DD18DE0076AF75 /* UIImageView+AFNetworking.m */,
			);
			name = AFNetworking;
			path = Libraries/AFNetworking;
			sourceTree = "<group>";
		};
/* End PBXGroup section */

/* Begin PBXNativeTarget section */
		637A14AC137E5373004A08EB /* TestFlightUploader */ = {
			isa = PBXNativeTarget;
			buildConfigurationList = 637A14CB137E5373004A08EB /* Build configuration list for PBXNativeTarget "TestFlightUploader" */;
			buildPhases = (
				637A14A9137E5373004A08EB /* Sources */,
				637A14AA137E5373004A08EB /* Frameworks */,
				637A14AB137E5373004A08EB /* Resources */,
			);
			buildRules = (
			);
			dependencies = (
			);
			name = TestFlightUploader;
			productName = TestFlightUploader;
			productReference = 637A14AD137E5373004A08EB /* TestFlightUploader.app */;
			productType = "com.apple.product-type.application";
		};
/* End PBXNativeTarget section */

/* Begin PBXProject section */
		637A14A4137E5373004A08EB /* Project object */ = {
			isa = PBXProject;
			attributes = {
				LastUpgradeCheck = 0420;
				ORGANIZATIONNAME = "David Porter Apps";
			};
			buildConfigurationList = 637A14A7137E5373004A08EB /* Build configuration list for PBXProject "TestFlightUploader" */;
			compatibilityVersion = "Xcode 3.2";
			developmentRegion = English;
			hasScannedForEncodings = 0;
			knownRegions = (
				en,
			);
			mainGroup = 637A14A2137E5373004A08EB;
			productRefGroup = 637A14AE137E5373004A08EB /* Products */;
			projectDirPath = "";
			projectRoot = "";
			targets = (
				637A14AC137E5373004A08EB /* TestFlightUploader */,
			);
		};
/* End PBXProject section */

/* Begin PBXResourcesBuildPhase section */
		637A14AB137E5373004A08EB /* Resources */ = {
			isa = PBXResourcesBuildPhase;
			buildActionMask = 2147483647;
			files = (
				637A14BC137E5373004A08EB /* InfoPlist.strings in Resources */,
				637A14C2137E5373004A08EB /* Credits.rtf in Resources */,
				637A14C8137E5373004A08EB /* MainMenu.xib in Resources */,
				6319D2021387881500B50CC7 /* icon.icns in Resources */,
			);
			runOnlyForDeploymentPostprocessing = 0;
		};
/* End PBXResourcesBuildPhase section */

/* Begin PBXSourcesBuildPhase section */
		637A14A9137E5373004A08EB /* Sources */ = {
			isa = PBXSourcesBuildPhase;
			buildActionMask = 2147483647;
			files = (
				637A14BF137E5373004A08EB /* main.m in Sources */,
				637A14C5137E5373004A08EB /* TestFlightUploaderAppDelegate.m in Sources */,
				6319D2051387883A00B50CC7 /* UploaderController.m in Sources */,
				EF7AB82B14DD18DE0076AF75 /* AFHTTPClient.m in Sources */,
				EF7AB82C14DD18DE0076AF75 /* AFHTTPRequestOperation.m in Sources */,
				EF7AB82D14DD18DE0076AF75 /* AFImageRequestOperation.m in Sources */,
				EF7AB82E14DD18DE0076AF75 /* AFJSONRequestOperation.m in Sources */,
				EF7AB82F14DD18DE0076AF75 /* AFJSONUtilities.m in Sources */,
				EF7AB83014DD18DE0076AF75 /* AFNetworkActivityIndicatorManager.m in Sources */,
				EF7AB83114DD18DE0076AF75 /* AFPropertyListRequestOperation.m in Sources */,
				EF7AB83214DD18DE0076AF75 /* AFURLConnectionOperation.m in Sources */,
				EF7AB83314DD18DE0076AF75 /* AFXMLRequestOperation.m in Sources */,
				EF7AB83414DD18DE0076AF75 /* UIImageView+AFNetworking.m in Sources */,
			);
			runOnlyForDeploymentPostprocessing = 0;
		};
/* End PBXSourcesBuildPhase section */

/* Begin PBXVariantGroup section */
		637A14BA137E5373004A08EB /* InfoPlist.strings */ = {
			isa = PBXVariantGroup;
			children = (
				637A14BB137E5373004A08EB /* en */,
			);
			name = InfoPlist.strings;
			sourceTree = "<group>";
		};
		637A14C0137E5373004A08EB /* Credits.rtf */ = {
			isa = PBXVariantGroup;
			children = (
				637A14C1137E5373004A08EB /* en */,
			);
			name = Credits.rtf;
			sourceTree = "<group>";
		};
		637A14C6137E5373004A08EB /* MainMenu.xib */ = {
			isa = PBXVariantGroup;
			children = (
				637A14C7137E5373004A08EB /* en */,
			);
			name = MainMenu.xib;
			sourceTree = "<group>";
		};
/* End PBXVariantGroup section */

/* Begin XCBuildConfiguration section */
		637A14C9137E5373004A08EB /* Debug */ = {
			isa = XCBuildConfiguration;
			buildSettings = {
				ARCHS = "$(ARCHS_STANDARD_32_64_BIT)";
				GCC_C_LANGUAGE_STANDARD = gnu99;
				GCC_OPTIMIZATION_LEVEL = 0;
				GCC_PREPROCESSOR_DEFINITIONS = DEBUG;
				GCC_SYMBOLS_PRIVATE_EXTERN = NO;
				GCC_VERSION = com.apple.compilers.llvm.clang.1_0;
				GCC_WARN_64_TO_32_BIT_CONVERSION = YES;
				GCC_WARN_ABOUT_RETURN_TYPE = YES;
				GCC_WARN_UNUSED_VARIABLE = YES;
				MACOSX_DEPLOYMENT_TARGET = 10.6;
				ONLY_ACTIVE_ARCH = YES;
				SDKROOT = macosx;
			};
			name = Debug;
		};
		637A14CA137E5373004A08EB /* Release */ = {
			isa = XCBuildConfiguration;
			buildSettings = {
				ARCHS = "$(ARCHS_STANDARD_32_64_BIT)";
				GCC_C_LANGUAGE_STANDARD = gnu99;
				GCC_VERSION = com.apple.compilers.llvm.clang.1_0;
				GCC_WARN_64_TO_32_BIT_CONVERSION = YES;
				GCC_WARN_ABOUT_RETURN_TYPE = YES;
				GCC_WARN_UNUSED_VARIABLE = YES;
				MACOSX_DEPLOYMENT_TARGET = 10.6;
				SDKROOT = macosx;
			};
			name = Release;
		};
		637A14CC137E5373004A08EB /* Debug */ = {
			isa = XCBuildConfiguration;
			buildSettings = {
				ALWAYS_SEARCH_USER_PATHS = NO;
				ARCHS = "$(ARCHS_STANDARD_64_BIT)";
				CLANG_ENABLE_OBJC_ARC = YES;
				COPY_PHASE_STRIP = NO;
				GCC_DYNAMIC_NO_PIC = NO;
				GCC_ENABLE_OBJC_EXCEPTIONS = YES;
				GCC_PRECOMPILE_PREFIX_HEADER = YES;
				GCC_PREFIX_HEADER = "TestFlightUploader/TestFlightUploader-Prefix.pch";
				GCC_VERSION = "";
				INFOPLIST_FILE = "TestFlightUploader/TestFlightUploader-Info.plist";
				MACOSX_DEPLOYMENT_TARGET = 10.7;
				PRODUCT_NAME = "$(TARGET_NAME)";
				WRAPPER_EXTENSION = app;
			};
			name = Debug;
		};
		637A14CD137E5373004A08EB /* Release */ = {
			isa = XCBuildConfiguration;
			buildSettings = {
				ALWAYS_SEARCH_USER_PATHS = NO;
				ARCHS = "$(ARCHS_STANDARD_64_BIT)";
				CLANG_ENABLE_OBJC_ARC = YES;
				COPY_PHASE_STRIP = YES;
				DEBUG_INFORMATION_FORMAT = "dwarf-with-dsym";
				GCC_ENABLE_OBJC_EXCEPTIONS = YES;
				GCC_PRECOMPILE_PREFIX_HEADER = YES;
				GCC_PREFIX_HEADER = "TestFlightUploader/TestFlightUploader-Prefix.pch";
				GCC_VERSION = "";
				INFOPLIST_FILE = "TestFlightUploader/TestFlightUploader-Info.plist";
				MACOSX_DEPLOYMENT_TARGET = 10.7;
				PRODUCT_NAME = "$(TARGET_NAME)";
				WRAPPER_EXTENSION = app;
			};
			name = Release;
		};
/* End XCBuildConfiguration section */

/* Begin XCConfigurationList section */
		637A14A7137E5373004A08EB /* Build configuration list for PBXProject "TestFlightUploader" */ = {
			isa = XCConfigurationList;
			buildConfigurations = (
				637A14C9137E5373004A08EB /* Debug */,
				637A14CA137E5373004A08EB /* Release */,
			);
			defaultConfigurationIsVisible = 0;
			defaultConfigurationName = Release;
		};
		637A14CB137E5373004A08EB /* Build configuration list for PBXNativeTarget "TestFlightUploader" */ = {
			isa = XCConfigurationList;
			buildConfigurations = (
				637A14CC137E5373004A08EB /* Debug */,
				637A14CD137E5373004A08EB /* Release */,
			);
			defaultConfigurationIsVisible = 0;
			defaultConfigurationName = Release;
		};
/* End XCConfigurationList section */
	};
	rootObject = 637A14A4137E5373004A08EB /* Project object */;
}
